
Microsoft Visual Studio Solution File, Format Version 12.00
# Visual Studio Version 17
VisualStudioVersion = 17.3.32825.248
MinimumVisualStudioVersion = 10.0.40219.1
Project("{9A19103F-16F7-4668-BE54-9A1E7A4F7556}") = "WebApplication2", "WebApplication2\WebApplication2.csproj", "{DE4C7984-4724-4524-B2A7-330B03ACC0D8}"
EndProject
Project("{FAE04EC0-301F-11D3-BF4B-00C04F79EFBC}") = "SortTest", "TestProject1\SortTest.csproj", "{468CFFB9-BF33-4187-8887-368A6DF7DFBC}"
EndProject
Global
	GlobalSection(SolutionConfigurationPlatforms) = preSolution
		Debug|Any CPU = Debug|Any CPU
		Release|Any CPU = Release|Any CPU
	EndGlobalSection
	GlobalSection(ProjectConfigurationPlatforms) = postSolution
		{DE4C7984-4724-4524-B2A7-330B03ACC0D8}.Debug|Any CPU.ActiveCfg = Debug|Any CPU
		{DE4C7984-4724-4524-B2A7-330B03ACC0D8}.Debug|Any CPU.Build.0 = Debug|Any CPU
		{DE4C7984-4724-4524-B2A7-330B03ACC0D8}.Release|Any CPU.ActiveCfg = Release|Any CPU
		{DE4C7984-4724-4524-B2A7-330B03ACC0D8}.Release|Any CPU.Build.0 = Release|Any CPU
		{468CFFB9-BF33-4187-8887-368A6DF7DFBC}.Debug|Any CPU.ActiveCfg = Debug|Any CPU
		{468CFFB9-BF33-4187-8887-368A6DF7DFBC}.Debug|Any CPU.Build.0 = Debug|Any CPU
		{468CFFB9-BF33-4187-8887-368A6DF7DFBC}.Release|Any CPU.ActiveCfg = Release|Any CPU
		{468CFFB9-BF33-4187-8887-368A6DF7DFBC}.Release|Any CPU.Build.0 = Release|Any CPU
	EndGlobalSection
	GlobalSection(SolutionProperties) = preSolution
		HideSolutionNode = FALSE
	EndGlobalSection
	GlobalSection(ExtensibilityGlobals) = postSolution
		SolutionGuid = {A8DEAE09-9564-4A7B-8F6F-3B6C260FB4B3}
	EndGlobalSection
EndGlobal
